Microsoft Visual Studio Solution File, Format Version 12.00
# Visual Studio Version 17
VisualStudioVersion = 17.0.32014.148
MinimumVisualStudioVersion = 10.0.40219.1
Project("{FAE04EC0-301F-11D3-BF4B-00C04F79EFBC}") = "Maritime.App", "Maritime.App\Maritime.App.csproj", "{1A2B3C4D-5E6F-7G8H-9I0J-KL1M2N3O4P5Q}"
EndProject
Project("{FAE04EC0-301F-11D3-BF4B-00C04F79EFBC}") = "Maritime.Core", "Maritime.Core\Maritime.Core.csproj", "{2B3C4D5E-6F7G-8H9I-0J1K-LM2N3O4P5Q6R}"
EndProject
Project("{FAE04EC0-301F-11D3-BF4B-00C04F79EFBC}") = "Maritime.Infrastructure", "Maritime.Infrastructure\Maritime.Infrastructure.csproj", "{3C4D5E6F-7G8H-9I0J-1K2L-MN3O4P5Q6R7S}"
EndProject
Project("{FAE04EC0-301F-11D3-BF4B-00C04F79EFBC}") = "Maritime.Tests", "Maritime.Tests\Maritime.Tests.csproj", "{4D5E6F7G-8H9I-0J1K-2L3M-NO4P5Q6R7S8T}"
EndProject
Global
	GlobalSection(SolutionConfigurationPlatforms) = preSolution
		Debug|Any CPU = Debug|Any CPU
		Debug|x64 = Debug|x64
		Release|Any CPU = Release|Any CPU
		Release|x64 = Release|x64
	EndGlobalSection
	GlobalSection(ProjectConfigurationPlatforms) = postSolution
		{1A2B3C4D-5E6F-7G8H-9I0J-KL1M2N3O4P5Q}.Debug|Any CPU.ActiveCfg = Debug|Any CPU
		{1A2B3C4D-5E6F-7G8H-9I0J-KL1M2N3O4P5Q}.Debug|Any CPU.Build.0 = Debug|Any CPU
		{1A2B3C4D-5E6F-7G8H-9I0J-KL1M2N3O4P5Q}.Debug|x64.ActiveCfg = Debug|x64
		{1A2B3C4D-5E6F-7G8H-9I0J-KL1M2N3O4P5Q}.Debug|x64.Build.0 = Debug|x64
		{1A2B3C4D-5E6F-7G8H-9I0J-KL1M2N3O4P5Q}.Release|Any CPU.ActiveCfg = Release|Any CPU
		{1A2B3C4D-5E6F-7G8H-9I0J-KL1M2N3O4P5Q}.Release|Any CPU.Build.0 = Release|Any CPU
		{1A2B3C4D-5E6F-7G8H-9I0J-KL1M2N3O4P5Q}.Release|x64.ActiveCfg = Release|x64
		{1A2B3C4D-5E6F-7G8H-9I0J-KL1M2N3O4P5Q}.Release|x64.Build.0 = Release|x64
		{2B3C4D5E-6F7G-8H9I-0J1K-LM2N3O4P5Q6R}.Debug|Any CPU.ActiveCfg = Debug|Any CPU
		{2B3C4D5E-6F7G-8H9I-0J1K-LM2N3O4P5Q6R}.Debug|Any CPU.Build.0 = Debug|Any CPU
		{2B3C4D5E-6F7G-8H9I-0J1K-LM2N3O4P5Q6R}.Debug|x64.ActiveCfg = Debug|x64
		{2B3C4D5E-6F7G-8H9I-0J1K-LM2N3O4P5Q6R}.Debug|x64.Build.0 = Debug|x64
		{2B3C4D5E-6F7G-8H9I-0J1K-LM2N3O4P5Q6R}.Release|Any CPU.ActiveCfg = Release|Any CPU
		{2B3C4D5E-6F7G-8H9I-0J1K-LM2N3O4P5Q6R}.Release|Any CPU.Build.0 = Release|Any CPU
		{2B3C4D5E-6F7G-8H9I-0J1K-LM2N3O4P5Q6R}.Release|x64.ActiveCfg = Release|x64
		{2B3C4D5E-6F7G-8H9I-0J1K-LM2N3O4P5Q6R}.Release|x64.Build.0 = Release|x64
		{3C4D5E6F-7G8H-9I0J-1K2L-MN3O4P5Q6R7S}.Debug|Any CPU.ActiveCfg = Debug|Any CPU
		{3C4D5E6F-7G8H-9I0J-1K2L-MN3O4P5Q6R7S}.Debug|Any CPU.Build.0 = Debug|Any CPU
		{3C4D5E6F-7G8H-9I0J-1K2L-MN3O4P5Q6R7S}.Debug|x64.ActiveCfg = Debug|x64
		{3C4D5E6F-7G8H-9I0J-1K2L-MN3O4P5Q6R7S}.Debug|x64.Build.0 = Debug|x64
		{3C4D5E6F-7G8H-9I0J-1K2L-MN3O4P5Q6R7S}.Release|Any CPU.ActiveCfg = Release|Any CPU
		{3C4D5E6F-7G8H-9I0J-1K2L-MN3O4P5Q6R7S}.Release|Any CPU.Build.0 = Release|Any CPU
		{3C4D5E6F-7G8H-9I0J-1K2L-MN3O4P5Q6R7S}.Release|x64.ActiveCfg = Release|x64
		{3C4D5E6F-7G8H-9I0J-1K2L-MN3O4P5Q6R7S}.Release|x64.Build.0 = Release|x64
		{4D5E6F7G-8H9I-0J1K-2L3M-NO4P5Q6R7S8T}.Debug|Any CPU.ActiveCfg = Debug|Any CPU
		{4D5E6F7G-8H9I-0J1K-2L3M-NO4P5Q6R7S8T}.Debug|Any CPU.Build.0 = Debug|Any CPU
		{4D5E6F7G-8H9I-0J1K-2L3M-NO4P5Q6R7S8T}.Debug|x64.ActiveCfg = Debug|x64
		{4D5E6F7G-8H9I-0J1K-2L3M-NO4P5Q6R7S8T}.Debug|x64.Build.0 = Debug|x64
		{4D5E6F7G-8H9I-0J1K-2L3M-NO4P5Q6R7S8T}.Release|Any CPU.ActiveCfg = Release|Any CPU
		{4D5E6F7G-8H9I-0J1K-2L3M-NO4P5Q6R7S8T}.Release|Any CPU.Build.0 = Release|Any CPU
		{4D5E6F7G-8H9I-0J1K-2L3M-NO4P5Q6R7S8T}.Release|x64.ActiveCfg = Release|x64
		{4D5E6F7G-8H9I-0J1K-2L3M-NO4P5Q6R7S8T}.Release|x64.Build.0 = Release|x64
	EndGlobalSection
	GlobalSection(SolutionProperties) = preSolution
		HideSolutionNode = FALSE
	EndGlobalSection
EndGlobal